PODS:
  - JustLog (3.7.1):
    - SwiftyBeaver (~> 1.9.3)
  - SwiftyBeaver (1.9.5)

DEPENDENCIES:
  - JustLog (from `../`)

SPEC REPOS:
  https://github.com/CocoaPods/Specs.git:
    - SwiftyBeaver

EXTERNAL SOURCES:
  JustLog:
    :path: "../"

SPEC CHECKSUMS:
  JustLog: 5889c708affff45c906d38a32f352330a52296c3
  SwiftyBeaver: 84069991dd5dca07d7069100985badaca7f0ce82

PODFILE CHECKSUM: c7680d001abb03143de15e13f1b6fbabb258d898

COCOAPODS: 1.10.2
