PODS:
  - CocoaAsyncSocket (7.6.3)
  - JustLog (2.6.0):
    - CocoaAsyncSocket (~> 7.6.3)
    - SwiftyBeaver (~> 1.7.0)
  - SwiftyBeaver (1.7.0)

DEPENDENCIES:
  - JustLog (from `../`)

SPEC REPOS:
  https://github.com/cocoapods/specs.git:
    - CocoaAsyncSocket
    - SwiftyBeaver

EXTERNAL SOURCES:
  JustLog:
    :path: "../"

SPEC CHECKSUMS:
  CocoaAsyncSocket: eafaa68a7e0ec99ead0a7b35015e0bf25d2c8987
  JustLog: 43a7c7774db986b46fc4f8e73650531ca2345d6c
  SwiftyBeaver: 4cc0080d2e23f980652e28978db11a5c9da39165

PODFILE CHECKSUM: 0682bc8f039b3897a7cc797e15668481c16d38a1

COCOAPODS: 1.6.2
